// !$*UTF8*$!
{
	archiveVersion = 1;
	classes = {
	};
	objectVersion = 77;
	objects = {

/* Begin PBXContainerItemProxy section */
		557591E92E848E6D0086F5AF /* PBXContainerItemProxy */ = {
			isa = PBXContainerItemProxy;
			containerPortal = 557591D12E848E6B0086F5AF /* Project object */;
			proxyType = 1;
			remoteGlobalIDString = 557591D82E848E6B0086F5AF;
			remoteInfo = MomentSail;
		};
		557591F32E848E6D0086F5AF /* PBXContainerItemProxy */ = {
			isa = PBXContainerItemProxy;
			containerPortal = 557591D12E848E6B0086F5AF /* Project object */;
			proxyType = 1;
			remoteGlobalIDString = 557591D82E848E6B0086F5AF;
			remoteInfo = MomentSail;
		};
/* End PBXContainerItemProxy section */

/* Begin PBXFileReference section */
		557591D92E848E6B0086F5AF /* MomentSail.app */ = {isa = PBXFileReference; explicitFileType = wrapper.application; includeInIndex = 0; path = MomentSail.app; sourceTree = BUILT_PRODUCTS_DIR; };
		557591E82E848E6D0086F5AF /* MomentSailTests.xctest */ = {isa = PBXFileReference; explicitFileType = wrapper.cfbundle; includeInIndex = 0; path = MomentSailTests.xctest; sourceTree = BUILT_PRODUCTS_DIR; };
		557591F22E848E6D0086F5AF /* MomentSailUITests.xctest */ = {isa = PBXFileReference; explicitFileType = wrapper.cfbundle; includeInIndex = 0; path = MomentSailUITests.xctest; sourceTree = BUILT_PRODUCTS_DIR; };
		557592272E849CE10086F5AF /* Inter-Black.otf */ = {isa = PBXFileReference; lastKnownFileType = file; path = "Inter-Black.otf"; sourceTree = "<group>"; };
		557592282E849CE10086F5AF /* Inter-BlackItalic.otf */ = {isa = PBXFileReference; lastKnownFileType = file; path = "Inter-BlackItalic.otf"; sourceTree = "<group>"; };
		557592292E849CE10086F5AF /* Inter-Bold.otf */ = {isa = PBXFileReference; lastKnownFileType = file; path = "Inter-Bold.otf"; sourceTree = "<group>"; };
		5575922A2E849CE10086F5AF /* Inter-BoldItalic.otf */ = {isa = PBXFileReference; lastKnownFileType = file; path = "Inter-BoldItalic.otf"; sourceTree = "<group>"; };
		5575922B2E849CE10086F5AF /* Inter-ExtraBold.otf */ = {isa = PBXFileReference; lastKnownFileType = file; path = "Inter-ExtraBold.otf"; sourceTree = "<group>"; };
		5575922C2E849CE10086F5AF /* Inter-ExtraBoldItalic.otf */ = {isa = PBXFileReference; lastKnownFileType = file; path = "Inter-ExtraBoldItalic.otf"; sourceTree = "<group>"; };
		5575922D2E849CE10086F5AF /* Inter-ExtraLight.otf */ = {isa = PBXFileReference; lastKnownFileType = file; path = "Inter-ExtraLight.otf"; sourceTree = "<group>"; };
		5575922E2E849CE10086F5AF /* Inter-ExtraLightItalic.otf */ = {isa = PBXFileReference; lastKnownFileType = file; path = "Inter-ExtraLightItalic.otf"; sourceTree = "<group>"; };
		5575922F2E849CE10086F5AF /* Inter-Italic.otf */ = {isa = PBXFileReference; lastKnownFileType = file; path = "Inter-Italic.otf"; sourceTree = "<group>"; };
		557592302E849CE10086F5AF /* Inter-Light.otf */ = {isa = PBXFileReference; lastKnownFileType = file; path = "Inter-Light.otf"; sourceTree = "<group>"; };
		557592312E849CE10086F5AF /* Inter-LightItalic.otf */ = {isa = PBXFileReference; lastKnownFileType = file; path = "Inter-LightItalic.otf"; sourceTree = "<group>"; };
		557592322E849CE10086F5AF /* Inter-Medium.otf */ = {isa = PBXFileReference; lastKnownFileType = file; path = "Inter-Medium.otf"; sourceTree = "<group>"; };
		557592332E849CE10086F5AF /* Inter-MediumItalic.otf */ = {isa = PBXFileReference; lastKnownFileType = file; path = "Inter-MediumItalic.otf"; sourceTree = "<group>"; };
		557592342E849CE10086F5AF /* Inter-Regular.otf */ = {isa = PBXFileReference; lastKnownFileType = file; path = "Inter-Regular.otf"; sourceTree = "<group>"; };
		557592352E849CE10086F5AF /* Inter-SemiBold.otf */ = {isa = PBXFileReference; lastKnownFileType = file; path = "Inter-SemiBold.otf"; sourceTree = "<group>"; };
		557592362E849CE10086F5AF /* Inter-SemiBoldItalic.otf */ = {isa = PBXFileReference; lastKnownFileType = file; path = "Inter-SemiBoldItalic.otf"; sourceTree = "<group>"; };
		557592372E849CE10086F5AF /* Inter-Thin.otf */ = {isa = PBXFileReference; lastKnownFileType = file; path = "Inter-Thin.otf"; sourceTree = "<group>"; };
		557592382E849CE10086F5AF /* Inter-ThinItalic.otf */ = {isa = PBXFileReference; lastKnownFileType = file; path = "Inter-ThinItalic.otf"; sourceTree = "<group>"; };
		557592392E849CE10086F5AF /* InterDisplay-Black.otf */ = {isa = PBXFileReference; lastKnownFileType = file; path = "InterDisplay-Black.otf"; sourceTree = "<group>"; };
		5575923A2E849CE10086F5AF /* InterDisplay-BlackItalic.otf */ = {isa = PBXFileReference; lastKnownFileType = file; path = "InterDisplay-BlackItalic.otf"; sourceTree = "<group>"; };
		5575923B2E849CE10086F5AF /* InterDisplay-Bold.otf */ = {isa = PBXFileReference; lastKnownFileType = file; path = "InterDisplay-Bold.otf"; sourceTree = "<group>"; };
		5575923C2E849CE10086F5AF /* InterDisplay-BoldItalic.otf */ = {isa = PBXFileReference; lastKnownFileType = file; path = "InterDisplay-BoldItalic.otf"; sourceTree = "<group>"; };
		5575923D2E849CE10086F5AF /* InterDisplay-ExtraBold.otf */ = {isa = PBXFileReference; lastKnownFileType = file; path = "InterDisplay-ExtraBold.otf"; sourceTree = "<group>"; };
		5575923E2E849CE10086F5AF /* InterDisplay-ExtraBoldItalic.otf */ = {isa = PBXFileReference; lastKnownFileType = file; path = "InterDisplay-ExtraBoldItalic.otf"; sourceTree = "<group>"; };
		5575923F2E849CE10086F5AF /* InterDisplay-ExtraLight.otf */ = {isa = PBXFileReference; lastKnownFileType = file; path = "InterDisplay-ExtraLight.otf"; sourceTree = "<group>"; };
		557592402E849CE10086F5AF /* InterDisplay-ExtraLightItalic.otf */ = {isa = PBXFileReference; lastKnownFileType = file; path = "InterDisplay-ExtraLightItalic.otf"; sourceTree = "<group>"; };
		557592412E849CE10086F5AF /* InterDisplay-Italic.otf */ = {isa = PBXFileReference; lastKnownFileType = file; path = "InterDisplay-Italic.otf"; sourceTree = "<group>"; };
		557592422E849CE10086F5AF /* InterDisplay-Light.otf */ = {isa = PBXFileReference; lastKnownFileType = file; path = "InterDisplay-Light.otf"; sourceTree = "<group>"; };
		557592432E849CE10086F5AF /* InterDisplay-LightItalic.otf */ = {isa = PBXFileReference; lastKnownFileType = file; path = "InterDisplay-LightItalic.otf"; sourceTree = "<group>"; };
		557592442E849CE10086F5AF /* InterDisplay-Medium.otf */ = {isa = PBXFileReference; lastKnownFileType = file; path = "InterDisplay-Medium.otf"; sourceTree = "<group>"; };
		557592452E849CE10086F5AF /* InterDisplay-MediumItalic.otf */ = {isa = PBXFileReference; lastKnownFileType = file; path = "InterDisplay-MediumItalic.otf"; sourceTree = "<group>"; };
		557592462E849CE10086F5AF /* InterDisplay-Regular.otf */ = {isa = PBXFileReference; lastKnownFileType = file; path = "InterDisplay-Regular.otf"; sourceTree = "<group>"; };
		557592472E849CE10086F5AF /* InterDisplay-SemiBold.otf */ = {isa = PBXFileReference; lastKnownFileType = file; path = "InterDisplay-SemiBold.otf"; sourceTree = "<group>"; };
		557592482E849CE10086F5AF /* InterDisplay-SemiBoldItalic.otf */ = {isa = PBXFileReference; lastKnownFileType = file; path = "InterDisplay-SemiBoldItalic.otf"; sourceTree = "<group>"; };
		557592492E849CE10086F5AF /* InterDisplay-Thin.otf */ = {isa = PBXFileReference; lastKnownFileType = file; path = "InterDisplay-Thin.otf"; sourceTree = "<group>"; };
		5575924A2E849CE10086F5AF /* InterDisplay-ThinItalic.otf */ = {isa = PBXFileReference; lastKnownFileType = file; path = "InterDisplay-ThinItalic.otf"; sourceTree = "<group>"; };
		5575924C2E849CE10086F5AF /* Inter-Black.ttf */ = {isa = PBXFileReference; lastKnownFileType = file; path = "Inter-Black.ttf"; sourceTree = "<group>"; };
		5575924D2E849CE10086F5AF /* Inter-BlackItalic.ttf */ = {isa = PBXFileReference; lastKnownFileType = file; path = "Inter-BlackItalic.ttf"; sourceTree = "<group>"; };
		5575924E2E849CE10086F5AF /* Inter-Bold.ttf */ = {isa = PBXFileReference; lastKnownFileType = file; path = "Inter-Bold.ttf"; sourceTree = "<group>"; };
		5575924F2E849CE10086F5AF /* Inter-BoldItalic.ttf */ = {isa = PBXFileReference; lastKnownFileType = file; path = "Inter-BoldItalic.ttf"; sourceTree = "<group>"; };
		557592502E849CE10086F5AF /* Inter-ExtraBold.ttf */ = {isa = PBXFileReference; lastKnownFileType = file; path = "Inter-ExtraBold.ttf"; sourceTree = "<group>"; };
		557592512E849CE10086F5AF /* Inter-ExtraBoldItalic.ttf */ = {isa = PBXFileReference; lastKnownFileType = file; path = "Inter-ExtraBoldItalic.ttf"; sourceTree = "<group>"; };
		557592522E849CE10086F5AF /* Inter-ExtraLight.ttf */ = {isa = PBXFileReference; lastKnownFileType = file; path = "Inter-ExtraLight.ttf"; sourceTree = "<group>"; };
		557592532E849CE10086F5AF /* Inter-ExtraLightItalic.ttf */ = {isa = PBXFileReference; lastKnownFileType = file; path = "Inter-ExtraLightItalic.ttf"; sourceTree = "<group>"; };
		557592542E849CE10086F5AF /* Inter-Italic.ttf */ = {isa = PBXFileReference; lastKnownFileType = file; path = "Inter-Italic.ttf"; sourceTree = "<group>"; };
		557592552E849CE10086F5AF /* Inter-Light.ttf */ = {isa = PBXFileReference; lastKnownFileType = file; path = "Inter-Light.ttf"; sourceTree = "<group>"; };
		557592562E849CE10086F5AF /* Inter-LightItalic.ttf */ = {isa = PBXFileReference; lastKnownFileType = file; path = "Inter-LightItalic.ttf"; sourceTree = "<group>"; };
		557592572E849CE10086F5AF /* Inter-Medium.ttf */ = {isa = PBXFileReference; lastKnownFileType = file; path = "Inter-Medium.ttf"; sourceTree = "<group>"; };
		557592582E849CE10086F5AF /* Inter-MediumItalic.ttf */ = {isa = PBXFileReference; lastKnownFileType = file; path = "Inter-MediumItalic.ttf"; sourceTree = "<group>"; };
		557592592E849CE10086F5AF /* Inter-Regular.ttf */ = {isa = PBXFileReference; lastKnownFileType = file; path = "Inter-Regular.ttf"; sourceTree = "<group>"; };
		5575925A2E849CE10086F5AF /* Inter-SemiBold.ttf */ = {isa = PBXFileReference; lastKnownFileType = file; path = "Inter-SemiBold.ttf"; sourceTree = "<group>"; };
		5575925B2E849CE10086F5AF /* Inter-SemiBoldItalic.ttf */ = {isa = PBXFileReference; lastKnownFileType = file; path = "Inter-SemiBoldItalic.ttf"; sourceTree = "<group>"; };
		5575925C2E849CE10086F5AF /* Inter-Thin.ttf */ = {isa = PBXFileReference; lastKnownFileType = file; path = "Inter-Thin.ttf"; sourceTree = "<group>"; };
		5575925D2E849CE10086F5AF /* Inter-ThinItalic.ttf */ = {isa = PBXFileReference; lastKnownFileType = file; path = "Inter-ThinItalic.ttf"; sourceTree = "<group>"; };
		5575925E2E849CE10086F5AF /* InterDisplay-Black.ttf */ = {isa = PBXFileReference; lastKnownFileType = file; path = "InterDisplay-Black.ttf"; sourceTree = "<group>"; };
		5575925F2E849CE10086F5AF /* InterDisplay-BlackItalic.ttf */ = {isa = PBXFileReference; lastKnownFileType = file; path = "InterDisplay-BlackItalic.ttf"; sourceTree = "<group>"; };
		557592602E849CE10086F5AF /* InterDisplay-Bold.ttf */ = {isa = PBXFileReference; lastKnownFileType = file; path = "InterDisplay-Bold.ttf"; sourceTree = "<group>"; };
		557592612E849CE10086F5AF /* InterDisplay-BoldItalic.ttf */ = {isa = PBXFileReference; lastKnownFileType = file; path = "InterDisplay-BoldItalic.ttf"; sourceTree = "<group>"; };
		557592622E849CE10086F5AF /* InterDisplay-ExtraBold.ttf */ = {isa = PBXFileReference; lastKnownFileType = file; path = "InterDisplay-ExtraBold.ttf"; sourceTree = "<group>"; };
		557592632E849CE10086F5AF /* InterDisplay-ExtraBoldItalic.ttf */ = {isa = PBXFileReference; lastKnownFileType = file; path = "InterDisplay-ExtraBoldItalic.ttf"; sourceTree = "<group>"; };
		557592642E849CE10086F5AF /* InterDisplay-ExtraLight.ttf */ = {isa = PBXFileReference; lastKnownFileType = file; path = "InterDisplay-ExtraLight.ttf"; sourceTree = "<group>"; };
		557592652E849CE10086F5AF /* InterDisplay-ExtraLightItalic.ttf */ = {isa = PBXFileReference; lastKnownFileType = file; path = "InterDisplay-ExtraLightItalic.ttf"; sourceTree = "<group>"; };
		557592662E849CE10086F5AF /* InterDisplay-Italic.ttf */ = {isa = PBXFileReference; lastKnownFileType = file; path = "InterDisplay-Italic.ttf"; sourceTree = "<group>"; };
		557592672E849CE10086F5AF /* InterDisplay-Light.ttf */ = {isa = PBXFileReference; lastKnownFileType = file; path = "InterDisplay-Light.ttf"; sourceTree = "<group>"; };
		557592682E849CE10086F5AF /* InterDisplay-LightItalic.ttf */ = {isa = PBXFileReference; lastKnownFileType = file; path = "InterDisplay-LightItalic.ttf"; sourceTree = "<group>"; };
		557592692E849CE10086F5AF /* InterDisplay-Medium.ttf */ = {isa = PBXFileReference; lastKnownFileType = file; path = "InterDisplay-Medium.ttf"; sourceTree = "<group>"; };
		5575926A2E849CE10086F5AF /* InterDisplay-MediumItalic.ttf */ = {isa = PBXFileReference; lastKnownFileType = file; path = "InterDisplay-MediumItalic.ttf"; sourceTree = "<group>"; };
		5575926B2E849CE10086F5AF /* InterDisplay-Regular.ttf */ = {isa = PBXFileReference; lastKnownFileType = file; path = "InterDisplay-Regular.ttf"; sourceTree = "<group>"; };
		5575926C2E849CE10086F5AF /* InterDisplay-SemiBold.ttf */ = {isa = PBXFileReference; lastKnownFileType = file; path = "InterDisplay-SemiBold.ttf"; sourceTree = "<group>"; };
		5575926D2E849CE10086F5AF /* InterDisplay-SemiBoldItalic.ttf */ = {isa = PBXFileReference; lastKnownFileType = file; path = "InterDisplay-SemiBoldItalic.ttf"; sourceTree = "<group>"; };
		5575926E2E849CE10086F5AF /* InterDisplay-Thin.ttf */ = {isa = PBXFileReference; lastKnownFileType = file; path = "InterDisplay-Thin.ttf"; sourceTree = "<group>"; };
		5575926F2E849CE10086F5AF /* InterDisplay-ThinItalic.ttf */ = {isa = PBXFileReference; lastKnownFileType = file; path = "InterDisplay-ThinItalic.ttf"; sourceTree = "<group>"; };
		557592972E849CE10086F5AF /* inter.css */ = {isa = PBXFileReference; lastKnownFileType = text.css; path = inter.css; sourceTree = "<group>"; };
		557592982E849CE10086F5AF /* Inter-Black.woff2 */ = {isa = PBXFileReference; lastKnownFileType = file; path = "Inter-Black.woff2"; sourceTree = "<group>"; };
		557592992E849CE10086F5AF /* Inter-BlackItalic.woff2 */ = {isa = PBXFileReference; lastKnownFileType = file; path = "Inter-BlackItalic.woff2"; sourceTree = "<group>"; };
		5575929A2E849CE10086F5AF /* Inter-Bold.woff2 */ = {isa = PBXFileReference; lastKnownFileType = file; path = "Inter-Bold.woff2"; sourceTree = "<group>"; };
		5575929B2E849CE10086F5AF /* Inter-BoldItalic.woff2 */ = {isa = PBXFileReference; lastKnownFileType = file; path = "Inter-BoldItalic.woff2"; sourceTree = "<group>"; };
		5575929C2E849CE10086F5AF /* Inter-ExtraBold.woff2 */ = {isa = PBXFileReference; lastKnownFileType = file; path = "Inter-ExtraBold.woff2"; sourceTree = "<group>"; };
		5575929D2E849CE10086F5AF /* Inter-ExtraBoldItalic.woff2 */ = {isa = PBXFileReference; lastKnownFileType = file; path = "Inter-ExtraBoldItalic.woff2"; sourceTree = "<group>"; };
		5575929E2E849CE10086F5AF /* Inter-ExtraLight.woff2 */ = {isa = PBXFileReference; lastKnownFileType = file; path = "Inter-ExtraLight.woff2"; sourceTree = "<group>"; };
		5575929F2E849CE10086F5AF /* Inter-ExtraLightItalic.woff2 */ = {isa = PBXFileReference; lastKnownFileType = file; path = "Inter-ExtraLightItalic.woff2"; sourceTree = "<group>"; };
		557592A02E849CE10086F5AF /* Inter-Italic.woff2 */ = {isa = PBXFileReference; lastKnownFileType = file; path = "Inter-Italic.woff2"; sourceTree = "<group>"; };
		557592A12E849CE10086F5AF /* Inter-Light.woff2 */ = {isa = PBXFileReference; lastKnownFileType = file; path = "Inter-Light.woff2"; sourceTree = "<group>"; };
		557592A22E849CE10086F5AF /* Inter-LightItalic.woff2 */ = {isa = PBXFileReference; lastKnownFileType = file; path = "Inter-LightItalic.woff2"; sourceTree = "<group>"; };
		557592A32E849CE10086F5AF /* Inter-Medium.woff2 */ = {isa = PBXFileReference; lastKnownFileType = file; path = "Inter-Medium.woff2"; sourceTree = "<group>"; };
		557592A42E849CE10086F5AF /* Inter-MediumItalic.woff2 */ = {isa = PBXFileReference; lastKnownFileType = file; path = "Inter-MediumItalic.woff2"; sourceTree = "<group>"; };
		557592A52E849CE10086F5AF /* Inter-Regular.woff2 */ = {isa = PBXFileReference; lastKnownFileType = file; path = "Inter-Regular.woff2"; sourceTree = "<group>"; };
		557592A62E849CE10086F5AF /* Inter-SemiBold.woff2 */ = {isa = PBXFileReference; lastKnownFileType = file; path = "Inter-SemiBold.woff2"; sourceTree = "<group>"; };
		557592A72E849CE10086F5AF /* Inter-SemiBoldItalic.woff2 */ = {isa = PBXFileReference; lastKnownFileType = file; path = "Inter-SemiBoldItalic.woff2"; sourceTree = "<group>"; };
		557592A82E849CE10086F5AF /* Inter-Thin.woff2 */ = {isa = PBXFileReference; lastKnownFileType = file; path = "Inter-Thin.woff2"; sourceTree = "<group>"; };
		557592A92E849CE10086F5AF /* Inter-ThinItalic.woff2 */ = {isa = PBXFileReference; lastKnownFileType = file; path = "Inter-ThinItalic.woff2"; sourceTree = "<group>"; };
		557592AA2E849CE10086F5AF /* InterDisplay-Black.woff2 */ = {isa = PBXFileReference; lastKnownFileType = file; path = "InterDisplay-Black.woff2"; sourceTree = "<group>"; };
		557592AB2E849CE10086F5AF /* InterDisplay-BlackItalic.woff2 */ = {isa = PBXFileReference; lastKnownFileType = file; path = "InterDisplay-BlackItalic.woff2"; sourceTree = "<group>"; };
		557592AC2E849CE10086F5AF /* InterDisplay-Bold.woff2 */ = {isa = PBXFileReference; lastKnownFileType = file; path = "InterDisplay-Bold.woff2"; sourceTree = "<group>"; };
		557592AD2E849CE10086F5AF /* InterDisplay-BoldItalic.woff2 */ = {isa = PBXFileReference; lastKnownFileType = file; path = "InterDisplay-BoldItalic.woff2"; sourceTree = "<group>"; };
		557592AE2E849CE10086F5AF /* InterDisplay-ExtraBold.woff2 */ = {isa = PBXFileReference; lastKnownFileType = file; path = "InterDisplay-ExtraBold.woff2"; sourceTree = "<group>"; };
		557592AF2E849CE10086F5AF /* InterDisplay-ExtraBoldItalic.woff2 */ = {isa = PBXFileReference; lastKnownFileType = file; path = "InterDisplay-ExtraBoldItalic.woff2"; sourceTree = "<group>"; };
		557592B02E849CE10086F5AF /* InterDisplay-ExtraLight.woff2 */ = {isa = PBXFileReference; lastKnownFileType = file; path = "InterDisplay-ExtraLight.woff2"; sourceTree = "<group>"; };
		557592B12E849CE10086F5AF /* InterDisplay-ExtraLightItalic.woff2 */ = {isa = PBXFileReference; lastKnownFileType = file; path = "InterDisplay-ExtraLightItalic.woff2"; sourceTree = "<group>"; };
		557592B22E849CE10086F5AF /* InterDisplay-Italic.woff2 */ = {isa = PBXFileReference; lastKnownFileType = file; path = "InterDisplay-Italic.woff2"; sourceTree = "<group>"; };
		557592B32E849CE10086F5AF /* InterDisplay-Light.woff2 */ = {isa = PBXFileReference; lastKnownFileType = file; path = "InterDisplay-Light.woff2"; sourceTree = "<group>"; };
		557592B42E849CE10086F5AF /* InterDisplay-LightItalic.woff2 */ = {isa = PBXFileReference; lastKnownFileType = file; path = "InterDisplay-LightItalic.woff2"; sourceTree = "<group>"; };
		557592B52E849CE10086F5AF /* InterDisplay-Medium.woff2 */ = {isa = PBXFileReference; lastKnownFileType = file; path = "InterDisplay-Medium.woff2"; sourceTree = "<group>"; };
		557592B62E849CE10086F5AF /* InterDisplay-MediumItalic.woff2 */ = {isa = PBXFileReference; lastKnownFileType = file; path = "InterDisplay-MediumItalic.woff2"; sourceTree = "<group>"; };
		557592B72E849CE10086F5AF /* InterDisplay-Regular.woff2 */ = {isa = PBXFileReference; lastKnownFileType = file; path = "InterDisplay-Regular.woff2"; sourceTree = "<group>"; };
		557592B82E849CE10086F5AF /* InterDisplay-SemiBold.woff2 */ = {isa = PBXFileReference; lastKnownFileType = file; path = "InterDisplay-SemiBold.woff2"; sourceTree = "<group>"; };
		557592B92E849CE10086F5AF /* InterDisplay-SemiBoldItalic.woff2 */ = {isa = PBXFileReference; lastKnownFileType = file; path = "InterDisplay-SemiBoldItalic.woff2"; sourceTree = "<group>"; };
		557592BA2E849CE10086F5AF /* InterDisplay-Thin.woff2 */ = {isa = PBXFileReference; lastKnownFileType = file; path = "InterDisplay-Thin.woff2"; sourceTree = "<group>"; };
		557592BB2E849CE10086F5AF /* InterDisplay-ThinItalic.woff2 */ = {isa = PBXFileReference; lastKnownFileType = file; path = "InterDisplay-ThinItalic.woff2"; sourceTree = "<group>"; };
		557592BC2E849CE10086F5AF /* InterVariable.woff2 */ = {isa = PBXFileReference; lastKnownFileType = file; path = InterVariable.woff2; sourceTree = "<group>"; };
		557592BD2E849CE10086F5AF /* InterVariable-Italic.woff2 */ = {isa = PBXFileReference; lastKnownFileType = file; path = "InterVariable-Italic.woff2"; sourceTree = "<group>"; };
		557592BF2E849CE10086F5AF /* help.txt */ = {isa = PBXFileReference; lastKnownFileType = text; path = help.txt; sourceTree = "<group>"; };
		557592C02E849CE10086F5AF /* Inter.ttc */ = {isa = PBXFileReference; lastKnownFileType = file; path = Inter.ttc; sourceTree = "<group>"; };
		557592C12E849CE10086F5AF /* InterVariable.ttf */ = {isa = PBXFileReference; lastKnownFileType = file; path = InterVariable.ttf; sourceTree = "<group>"; };
		557592C22E849CE10086F5AF /* InterVariable-Italic.ttf */ = {isa = PBXFileReference; lastKnownFileType = file; path = "InterVariable-Italic.ttf"; sourceTree = "<group>"; };
		557592C32E849CE10086F5AF /* LICENSE.txt */ = {isa = PBXFileReference; lastKnownFileType = text; path = LICENSE.txt; sourceTree = "<group>"; };
/* End PBXFileReference section */

/* Begin PBXFileSystemSynchronizedRootGroup section */
		557591DB2E848E6B0086F5AF /* MomentSail */ = {
			isa = PBXFileSystemSynchronizedRootGroup;
			path = MomentSail;
			sourceTree = "<group>";
		};
		557591EB2E848E6D0086F5AF /* MomentSailTests */ = {
			isa = PBXFileSystemSynchronizedRootGroup;
			path = MomentSailTests;
			sourceTree = "<group>";
		};
		557591F52E848E6D0086F5AF /* MomentSailUITests */ = {
			isa = PBXFileSystemSynchronizedRootGroup;
			path = MomentSailUITests;
			sourceTree = "<group>";
		};
/* End PBXFileSystemSynchronizedRootGroup section */

/* Begin PBXFrameworksBuildPhase section */
		557591D62E848E6B0086F5AF /* Frameworks */ = {
			isa = PBXFrameworksBuildPhase;
			buildActionMask = 2147483647;
			files = (
			);
			runOnlyForDeploymentPostprocessing = 0;
		};
		557591E52E848E6D0086F5AF /* Frameworks */ = {
			isa = PBXFrameworksBuildPhase;
			buildActionMask = 2147483647;
			files = (
			);
			runOnlyForDeploymentPostprocessing = 0;
		};
		557591EF2E848E6D0086F5AF /* Frameworks */ = {
			isa = PBXFrameworksBuildPhase;
			buildActionMask = 2147483647;
			files = (
			);
			runOnlyForDeploymentPostprocessing = 0;
		};
/* End PBXFrameworksBuildPhase section */

/* Begin PBXGroup section */
		557591D02E848E6B0086F5AF = {
			isa = PBXGroup;
			children = (
				557591DB2E848E6B0086F5AF /* MomentSail */,
				557591EB2E848E6D0086F5AF /* MomentSailTests */,
				557591F52E848E6D0086F5AF /* MomentSailUITests */,
				557591DA2E848E6B0086F5AF /* Products */,
				557592C42E849CE10086F5AF /* Inter-4.1 */,
			);
			sourceTree = "<group>";
		};
		557591DA2E848E6B0086F5AF /* Products */ = {
			isa = PBXGroup;
			children = (
				557591D92E848E6B0086F5AF /* MomentSail.app */,
				557591E82E848E6D0086F5AF /* MomentSailTests.xctest */,
				557591F22E848E6D0086F5AF /* MomentSailUITests.xctest */,
			);
			name = Products;
			sourceTree = "<group>";
		};
		5575924B2E849CE10086F5AF /* otf */ = {
			isa = PBXGroup;
			children = (
				557592272E849CE10086F5AF /* Inter-Black.otf */,
				557592282E849CE10086F5AF /* Inter-BlackItalic.otf */,
				557592292E849CE10086F5AF /* Inter-Bold.otf */,
				5575922A2E849CE10086F5AF /* Inter-BoldItalic.otf */,
				5575922B2E849CE10086F5AF /* Inter-ExtraBold.otf */,
				5575922C2E849CE10086F5AF /* Inter-ExtraBoldItalic.otf */,
				5575922D2E849CE10086F5AF /* Inter-ExtraLight.otf */,
				5575922E2E849CE10086F5AF /* Inter-ExtraLightItalic.otf */,
				5575922F2E849CE10086F5AF /* Inter-Italic.otf */,
				557592302E849CE10086F5AF /* Inter-Light.otf */,
				557592312E849CE10086F5AF /* Inter-LightItalic.otf */,
				557592322E849CE10086F5AF /* Inter-Medium.otf */,
				557592332E849CE10086F5AF /* Inter-MediumItalic.otf */,
				557592342E849CE10086F5AF /* Inter-Regular.otf */,
				557592352E849CE10086F5AF /* Inter-SemiBold.otf */,
				557592362E849CE10086F5AF /* Inter-SemiBoldItalic.otf */,
				557592372E849CE10086F5AF /* Inter-Thin.otf */,
				557592382E849CE10086F5AF /* Inter-ThinItalic.otf */,
				557592392E849CE10086F5AF /* InterDisplay-Black.otf */,
				5575923A2E849CE10086F5AF /* InterDisplay-BlackItalic.otf */,
				5575923B2E849CE10086F5AF /* InterDisplay-Bold.otf */,
				5575923C2E849CE10086F5AF /* InterDisplay-BoldItalic.otf */,
				5575923D2E849CE10086F5AF /* InterDisplay-ExtraBold.otf */,
				5575923E2E849CE10086F5AF /* InterDisplay-ExtraBoldItalic.otf */,
				5575923F2E849CE10086F5AF /* InterDisplay-ExtraLight.otf */,
				557592402E849CE10086F5AF /* InterDisplay-ExtraLightItalic.otf */,
				557592412E849CE10086F5AF /* InterDisplay-Italic.otf */,
				557592422E849CE10086F5AF /* InterDisplay-Light.otf */,
				557592432E849CE10086F5AF /* InterDisplay-LightItalic.otf */,
				557592442E849CE10086F5AF /* InterDisplay-Medium.otf */,
				557592452E849CE10086F5AF /* InterDisplay-MediumItalic.otf */,
				557592462E849CE10086F5AF /* InterDisplay-Regular.otf */,
				557592472E849CE10086F5AF /* InterDisplay-SemiBold.otf */,
				557592482E849CE10086F5AF /* InterDisplay-SemiBoldItalic.otf */,
				557592492E849CE10086F5AF /* InterDisplay-Thin.otf */,
				5575924A2E849CE10086F5AF /* InterDisplay-ThinItalic.otf */,
			);
			path = otf;
			sourceTree = "<group>";
		};
		557592702E849CE10086F5AF /* ttf */ = {
			isa = PBXGroup;
			children = (
				5575924C2E849CE10086F5AF /* Inter-Black.ttf */,
				5575924D2E849CE10086F5AF /* Inter-BlackItalic.ttf */,
				5575924E2E849CE10086F5AF /* Inter-Bold.ttf */,
				5575924F2E849CE10086F5AF /* Inter-BoldItalic.ttf */,
				557592502E849CE10086F5AF /* Inter-ExtraBold.ttf */,
				557592512E849CE10086F5AF /* Inter-ExtraBoldItalic.ttf */,
				557592522E849CE10086F5AF /* Inter-ExtraLight.ttf */,
				557592532E849CE10086F5AF /* Inter-ExtraLightItalic.ttf */,
				557592542E849CE10086F5AF /* Inter-Italic.ttf */,
				557592552E849CE10086F5AF /* Inter-Light.ttf */,
				557592562E849CE10086F5AF /* Inter-LightItalic.ttf */,
				557592572E849CE10086F5AF /* Inter-Medium.ttf */,
				557592582E849CE10086F5AF /* Inter-MediumItalic.ttf */,
				557592592E849CE10086F5AF /* Inter-Regular.ttf */,
				5575925A2E849CE10086F5AF /* Inter-SemiBold.ttf */,
				5575925B2E849CE10086F5AF /* Inter-SemiBoldItalic.ttf */,
				5575925C2E849CE10086F5AF /* Inter-Thin.ttf */,
				5575925D2E849CE10086F5AF /* Inter-ThinItalic.ttf */,
				5575925E2E849CE10086F5AF /* InterDisplay-Black.ttf */,
				5575925F2E849CE10086F5AF /* InterDisplay-BlackItalic.ttf */,
				557592602E849CE10086F5AF /* InterDisplay-Bold.ttf */,
				557592612E849CE10086F5AF /* InterDisplay-BoldItalic.ttf */,
				557592622E849CE10086F5AF /* InterDisplay-ExtraBold.ttf */,
				557592632E849CE10086F5AF /* InterDisplay-ExtraBoldItalic.ttf */,
				557592642E849CE10086F5AF /* InterDisplay-ExtraLight.ttf */,
				557592652E849CE10086F5AF /* InterDisplay-ExtraLightItalic.ttf */,
				557592662E849CE10086F5AF /* InterDisplay-Italic.ttf */,
				557592672E849CE10086F5AF /* InterDisplay-Light.ttf */,
				557592682E849CE10086F5AF /* InterDisplay-LightItalic.ttf */,
				557592692E849CE10086F5AF /* InterDisplay-Medium.ttf */,
				5575926A2E849CE10086F5AF /* InterDisplay-MediumItalic.ttf */,
				5575926B2E849CE10086F5AF /* InterDisplay-Regular.ttf */,
				5575926C2E849CE10086F5AF /* InterDisplay-SemiBold.ttf */,
				5575926D2E849CE10086F5AF /* InterDisplay-SemiBoldItalic.ttf */,
				5575926E2E849CE10086F5AF /* InterDisplay-Thin.ttf */,
				5575926F2E849CE10086F5AF /* InterDisplay-ThinItalic.ttf */,
			);
			path = ttf;
			sourceTree = "<group>";
		};
		557592962E849CE10086F5AF /* extras */ = {
			isa = PBXGroup;
			children = (
				5575924B2E849CE10086F5AF /* otf */,
				557592702E849CE10086F5AF /* ttf */,
			);
			path = extras;
			sourceTree = "<group>";
		};
		557592BE2E849CE10086F5AF /* web */ = {
			isa = PBXGroup;
			children = (
				557592972E849CE10086F5AF /* inter.css */,
				557592982E849CE10086F5AF /* Inter-Black.woff2 */,
				557592992E849CE10086F5AF /* Inter-BlackItalic.woff2 */,
				5575929A2E849CE10086F5AF /* Inter-Bold.woff2 */,
				5575929B2E849CE10086F5AF /* Inter-BoldItalic.woff2 */,
				5575929C2E849CE10086F5AF /* Inter-ExtraBold.woff2 */,
				5575929D2E849CE10086F5AF /* Inter-ExtraBoldItalic.woff2 */,
				5575929E2E849CE10086F5AF /* Inter-ExtraLight.woff2 */,
				5575929F2E849CE10086F5AF /* Inter-ExtraLightItalic.woff2 */,
				557592A02E849CE10086F5AF /* Inter-Italic.woff2 */,
				557592A12E849CE10086F5AF /* Inter-Light.woff2 */,
				557592A22E849CE10086F5AF /* Inter-LightItalic.woff2 */,
				557592A32E849CE10086F5AF /* Inter-Medium.woff2 */,
				557592A42E849CE10086F5AF /* Inter-MediumItalic.woff2 */,
				557592A52E849CE10086F5AF /* Inter-Regular.woff2 */,
				557592A62E849CE10086F5AF /* Inter-SemiBold.woff2 */,
				557592A72E849CE10086F5AF /* Inter-SemiBoldItalic.woff2 */,
				557592A82E849CE10086F5AF /* Inter-Thin.woff2 */,
				557592A92E849CE10086F5AF /* Inter-ThinItalic.woff2 */,
				557592AA2E849CE10086F5AF /* InterDisplay-Black.woff2 */,
				557592AB2E849CE10086F5AF /* InterDisplay-BlackItalic.woff2 */,
				557592AC2E849CE10086F5AF /* InterDisplay-Bold.woff2 */,
				557592AD2E849CE10086F5AF /* InterDisplay-BoldItalic.woff2 */,
				557592AE2E849CE10086F5AF /* InterDisplay-ExtraBold.woff2 */,
				557592AF2E849CE10086F5AF /* InterDisplay-ExtraBoldItalic.woff2 */,
				557592B02E849CE10086F5AF /* InterDisplay-ExtraLight.woff2 */,
				557592B12E849CE10086F5AF /* InterDisplay-ExtraLightItalic.woff2 */,
				557592B22E849CE10086F5AF /* InterDisplay-Italic.woff2 */,
				557592B32E849CE10086F5AF /* InterDisplay-Light.woff2 */,
				557592B42E849CE10086F5AF /* InterDisplay-LightItalic.woff2 */,
				557592B52E849CE10086F5AF /* InterDisplay-Medium.woff2 */,
				557592B62E849CE10086F5AF /* InterDisplay-MediumItalic.woff2 */,
				557592B72E849CE10086F5AF /* InterDisplay-Regular.woff2 */,
				557592B82E849CE10086F5AF /* InterDisplay-SemiBold.woff2 */,
				557592B92E849CE10086F5AF /* InterDisplay-SemiBoldItalic.woff2 */,
				557592BA2E849CE10086F5AF /* InterDisplay-Thin.woff2 */,
				557592BB2E849CE10086F5AF /* InterDisplay-ThinItalic.woff2 */,
				557592BC2E849CE10086F5AF /* InterVariable.woff2 */,
				557592BD2E849CE10086F5AF /* InterVariable-Italic.woff2 */,
			);
			path = web;
			sourceTree = "<group>";
		};
		557592C42E849CE10086F5AF /* Inter-4.1 */ = {
			isa = PBXGroup;
			children = (
				557592962E849CE10086F5AF /* extras */,
				557592BE2E849CE10086F5AF /* web */,
				557592BF2E849CE10086F5AF /* help.txt */,
				557592C02E849CE10086F5AF /* Inter.ttc */,
				557592C12E849CE10086F5AF /* InterVariable.ttf */,
				557592C22E849CE10086F5AF /* InterVariable-Italic.ttf */,
				557592C32E849CE10086F5AF /* LICENSE.txt */,
			);
			path = "Inter-4.1";
			sourceTree = "<group>";
		};
/* End PBXGroup section */

/* Begin PBXNativeTarget section */
		557591D82E848E6B0086F5AF /* MomentSail */ = {
			isa = PBXNativeTarget;
			buildConfigurationList = 557591FC2E848E6D0086F5AF /* Build configuration list for PBXNativeTarget "MomentSail" */;
			buildPhases = (
				557591D52E848E6B0086F5AF /* Sources */,
				557591D62E848E6B0086F5AF /* Frameworks */,
			);
			buildRules = (
			);
			dependencies = (
			);
			fileSystemSynchronizedGroups = (
				557591DB2E848E6B0086F5AF /* MomentSail */,
			);
			name = MomentSail;
			packageProductDependencies = (
			);
			productName = MomentSail;
			productReference = 557591D92E848E6B0086F5AF /* MomentSail.app */;
			productType = "com.apple.product-type.application";
		};
		557591E72E848E6D0086F5AF /* MomentSailTests */ = {
			isa = PBXNativeTarget;
			buildConfigurationList = 557591FF2E848E6D0086F5AF /* Build configuration list for PBXNativeTarget "MomentSailTests" */;
			buildPhases = (
				557591E42E848E6D0086F5AF /* Sources */,
				557591E52E848E6D0086F5AF /* Frameworks */,
				557591E62E848E6D0086F5AF /* Resources */,
			);
			buildRules = (
			);
			dependencies = (
				557591EA2E848E6D0086F5AF /* PBXTargetDependency */,
			);
			fileSystemSynchronizedGroups = (
				557591EB2E848E6D0086F5AF /* MomentSailTests */,
			);
			name = MomentSailTests;
			packageProductDependencies = (
			);
			productName = MomentSailTests;
			productReference = 557591E82E848E6D0086F5AF /* MomentSailTests.xctest */;
			productType = "com.apple.product-type.bundle.unit-test";
		};
		557591F12E848E6D0086F5AF /* MomentSailUITests */ = {
			isa = PBXNativeTarget;
			buildConfigurationList = 557592022E848E6D0086F5AF /* Build configuration list for PBXNativeTarget "MomentSailUITests" */;
			buildPhases = (
				557591EE2E848E6D0086F5AF /* Sources */,
				557591EF2E848E6D0086F5AF /* Frameworks */,
				557591F02E848E6D0086F5AF /* Resources */,
			);
			buildRules = (
			);
			dependencies = (
				557591F42E848E6D0086F5AF /* PBXTargetDependency */,
			);
			fileSystemSynchronizedGroups = (
				557591F52E848E6D0086F5AF /* MomentSailUITests */,
			);
			name = MomentSailUITests;
			packageProductDependencies = (
			);
			productName = MomentSailUITests;
			productReference = 557591F22E848E6D0086F5AF /* MomentSailUITests.xctest */;
			productType = "com.apple.product-type.bundle.ui-testing";
		};
/* End PBXNativeTarget section */

/* Begin PBXProject section */
		557591D12E848E6B0086F5AF /* Project object */ = {
			isa = PBXProject;
			attributes = {
				BuildIndependentTargetsInParallel = 1;
				LastSwiftUpdateCheck = 1640;
				LastUpgradeCheck = 1640;
				TargetAttributes = {
					557591D82E848E6B0086F5AF = {
						CreatedOnToolsVersion = 16.4;
					};
					557591E72E848E6D0086F5AF = {
						CreatedOnToolsVersion = 16.4;
						TestTargetID = 557591D82E848E6B0086F5AF;
					};
					557591F12E848E6D0086F5AF = {
						CreatedOnToolsVersion = 16.4;
						TestTargetID = 557591D82E848E6B0086F5AF;
					};
				};
			};
			buildConfigurationList = 557591D42E848E6B0086F5AF /* Build configuration list for PBXProject "MomentSail" */;
			developmentRegion = en;
			hasScannedForEncodings = 0;
			knownRegions = (
				en,
				Base,
			);
			mainGroup = 557591D02E848E6B0086F5AF;
			minimizedProjectReferenceProxies = 1;
			preferredProjectObjectVersion = 77;
			productRefGroup = 557591DA2E848E6B0086F5AF /* Products */;
			projectDirPath = "";
			projectRoot = "";
			targets = (
				557591D82E848E6B0086F5AF /* MomentSail */,
				557591E72E848E6D0086F5AF /* MomentSailTests */,
				557591F12E848E6D0086F5AF /* MomentSailUITests */,
			);
		};
/* End PBXProject section */

/* Begin PBXResourcesBuildPhase section */
		557591E62E848E6D0086F5AF /* Resources */ = {
			isa = PBXResourcesBuildPhase;
			buildActionMask = 2147483647;
			files = (
			);
			runOnlyForDeploymentPostprocessing = 0;
		};
		557591F02E848E6D0086F5AF /* Resources */ = {
			isa = PBXResourcesBuildPhase;
			buildActionMask = 2147483647;
			files = (
			);
			runOnlyForDeploymentPostprocessing = 0;
		};
/* End PBXResourcesBuildPhase section */

/* Begin PBXSourcesBuildPhase section */
		557591D52E848E6B0086F5AF /* Sources */ = {
			isa = PBXSourcesBuildPhase;
			buildActionMask = 2147483647;
			files = (
			);
			runOnlyForDeploymentPostprocessing = 0;
		};
		557591E42E848E6D0086F5AF /* Sources */ = {
			isa = PBXSourcesBuildPhase;
			buildActionMask = 2147483647;
			files = (
			);
			runOnlyForDeploymentPostprocessing = 0;
		};
		557591EE2E848E6D0086F5AF /* Sources */ = {
			isa = PBXSourcesBuildPhase;
			buildActionMask = 2147483647;
			files = (
			);
			runOnlyForDeploymentPostprocessing = 0;
		};
/* End PBXSourcesBuildPhase section */

/* Begin PBXTargetDependency section */
		557591EA2E848E6D0086F5AF /* PBXTargetDependency */ = {
			isa = PBXTargetDependency;
			target = 557591D82E848E6B0086F5AF /* MomentSail */;
			targetProxy = 557591E92E848E6D0086F5AF /* PBXContainerItemProxy */;
		};
		557591F42E848E6D0086F5AF /* PBXTargetDependency */ = {
			isa = PBXTargetDependency;
			target = 557591D82E848E6B0086F5AF /* MomentSail */;
			targetProxy = 557591F32E848E6D0086F5AF /* PBXContainerItemProxy */;
		};
/* End PBXTargetDependency section */

/* Begin XCBuildConfiguration section */
		557591FA2E848E6D0086F5AF /* Debug */ = {
			isa = XCBuildConfiguration;
			buildSettings = {
				ALWAYS_SEARCH_USER_PATHS = NO;
				ASSETCATALOG_COMPILER_GENERATE_SWIFT_ASSET_SYMBOL_EXTENSIONS = YES;
				CLANG_ANALYZER_NONNULL = YES;
				CLANG_ANALYZER_NUMBER_OBJECT_CONVERSION = YES_AGGRESSIVE;
				CLANG_CXX_LANGUAGE_STANDARD = "gnu++20";
				CLANG_ENABLE_MODULES = YES;
				CLANG_ENABLE_OBJC_ARC = YES;
				CLANG_ENABLE_OBJC_WEAK = YES;
				CLANG_WARN_BLOCK_CAPTURE_AUTORELEASING = YES;
				CLANG_WARN_BOOL_CONVERSION = YES;
				CLANG_WARN_COMMA = YES;
				CLANG_WARN_CONSTANT_CONVERSION = YES;
				CLANG_WARN_DEPRECATED_OBJC_IMPLEMENTATIONS = YES;
				CLANG_WARN_DIRECT_OBJC_ISA_USAGE = YES_ERROR;
				CLANG_WARN_DOCUMENTATION_COMMENTS = YES;
				CLANG_WARN_EMPTY_BODY = YES;
				CLANG_WARN_ENUM_CONVERSION = YES;
				CLANG_WARN_INFINITE_RECURSION = YES;
				CLANG_WARN_INT_CONVERSION = YES;
				CLANG_WARN_NON_LITERAL_NULL_CONVERSION = YES;
				CLANG_WARN_OBJC_IMPLICIT_RETAIN_SELF = YES;
				CLANG_WARN_OBJC_LITERAL_CONVERSION = YES;
				CLANG_WARN_OBJC_ROOT_CLASS = YES_ERROR;
				CLANG_WARN_QUOTED_INCLUDE_IN_FRAMEWORK_HEADER = YES;
				CLANG_WARN_RANGE_LOOP_ANALYSIS = YES;
				CLANG_WARN_STRICT_PROTOTYPES = YES;
				CLANG_WARN_SUSPICIOUS_MOVE = YES;
				CLANG_WARN_UNGUARDED_AVAILABILITY = YES_AGGRESSIVE;
				CLANG_WARN_UNREACHABLE_CODE = YES;
				CLANG_WARN__DUPLICATE_METHOD_MATCH = YES;
				COPY_PHASE_STRIP = NO;
				DEBUG_INFORMATION_FORMAT = dwarf;
				ENABLE_STRICT_OBJC_MSGSEND = YES;
				ENABLE_TESTABILITY = YES;
				ENABLE_USER_SCRIPT_SANDBOXING = YES;
				GCC_C_LANGUAGE_STANDARD = gnu17;
				GCC_DYNAMIC_NO_PIC = NO;
				GCC_NO_COMMON_BLOCKS = YES;
				GCC_OPTIMIZATION_LEVEL = 0;
				GCC_PREPROCESSOR_DEFINITIONS = (
					"DEBUG=1",
					"$(inherited)",
				);
				GCC_WARN_64_TO_32_BIT_CONVERSION = YES;
				GCC_WARN_ABOUT_RETURN_TYPE = YES_ERROR;
				GCC_WARN_UNDECLARED_SELECTOR = YES;
				GCC_WARN_UNINITIALIZED_AUTOS = YES_AGGRESSIVE;
				GCC_WARN_UNUSED_FUNCTION = YES;
				GCC_WARN_UNUSED_VARIABLE = YES;
				IPHONEOS_DEPLOYMENT_TARGET = 18.5;
				LOCALIZATION_PREFERS_STRING_CATALOGS = YES;
				MTL_ENABLE_DEBUG_INFO = INCLUDE_SOURCE;
				MTL_FAST_MATH = YES;
				ONLY_ACTIVE_ARCH = YES;
				SDKROOT = iphoneos;
				SWIFT_ACTIVE_COMPILATION_CONDITIONS = "DEBUG $(inherited)";
				SWIFT_OPTIMIZATION_LEVEL = "-Onone";
			};
			name = Debug;
		};
		557591FB2E848E6D0086F5AF /* Release */ = {
			isa = XCBuildConfiguration;
			buildSettings = {
				ALWAYS_SEARCH_USER_PATHS = NO;
				ASSETCATALOG_COMPILER_GENERATE_SWIFT_ASSET_SYMBOL_EXTENSIONS = YES;
				CLANG_ANALYZER_NONNULL = YES;
				CLANG_ANALYZER_NUMBER_OBJECT_CONVERSION = YES_AGGRESSIVE;
				CLANG_CXX_LANGUAGE_STANDARD = "gnu++20";
				CLANG_ENABLE_MODULES = YES;
				CLANG_ENABLE_OBJC_ARC = YES;
				CLANG_ENABLE_OBJC_WEAK = YES;
				CLANG_WARN_BLOCK_CAPTURE_AUTORELEASING = YES;
				CLANG_WARN_BOOL_CONVERSION = YES;
				CLANG_WARN_COMMA = YES;
				CLANG_WARN_CONSTANT_CONVERSION = YES;
				CLANG_WARN_DEPRECATED_OBJC_IMPLEMENTATIONS = YES;
				CLANG_WARN_DIRECT_OBJC_ISA_USAGE = YES_ERROR;
				CLANG_WARN_DOCUMENTATION_COMMENTS = YES;
				CLANG_WARN_EMPTY_BODY = YES;
				CLANG_WARN_ENUM_CONVERSION = YES;
				CLANG_WARN_INFINITE_RECURSION = YES;
				CLANG_WARN_INT_CONVERSION = YES;
				CLANG_WARN_NON_LITERAL_NULL_CONVERSION = YES;
				CLANG_WARN_OBJC_IMPLICIT_RETAIN_SELF = YES;
				CLANG_WARN_OBJC_LITERAL_CONVERSION = YES;
				CLANG_WARN_OBJC_ROOT_CLASS = YES_ERROR;
				CLANG_WARN_QUOTED_INCLUDE_IN_FRAMEWORK_HEADER = YES;
				CLANG_WARN_RANGE_LOOP_ANALYSIS = YES;
				CLANG_WARN_STRICT_PROTOTYPES = YES;
				CLANG_WARN_SUSPICIOUS_MOVE = YES;
				CLANG_WARN_UNGUARDED_AVAILABILITY = YES_AGGRESSIVE;
				CLANG_WARN_UNREACHABLE_CODE = YES;
				CLANG_WARN__DUPLICATE_METHOD_MATCH = YES;
				COPY_PHASE_STRIP = NO;
				DEBUG_INFORMATION_FORMAT = "dwarf-with-dsym";
				ENABLE_NS_ASSERTIONS = NO;
				ENABLE_STRICT_OBJC_MSGSEND = YES;
				ENABLE_USER_SCRIPT_SANDBOXING = YES;
				GCC_C_LANGUAGE_STANDARD = gnu17;
				GCC_NO_COMMON_BLOCKS = YES;
				GCC_WARN_64_TO_32_BIT_CONVERSION = YES;
				GCC_WARN_ABOUT_RETURN_TYPE = YES_ERROR;
				GCC_WARN_UNDECLARED_SELECTOR = YES;
				GCC_WARN_UNINITIALIZED_AUTOS = YES_AGGRESSIVE;
				GCC_WARN_UNUSED_FUNCTION = YES;
				GCC_WARN_UNUSED_VARIABLE = YES;
				IPHONEOS_DEPLOYMENT_TARGET = 18.5;
				LOCALIZATION_PREFERS_STRING_CATALOGS = YES;
				MTL_ENABLE_DEBUG_INFO = NO;
				MTL_FAST_MATH = YES;
				SDKROOT = iphoneos;
				SWIFT_COMPILATION_MODE = wholemodule;
				VALIDATE_PRODUCT = YES;
			};
			name = Release;
		};
		557591FD2E848E6D0086F5AF /* Debug */ = {
			isa = XCBuildConfiguration;
			buildSettings = {
				ASSETCATALOG_COMPILER_APPICON_NAME = AppIcon;
				ASSETCATALOG_COMPILER_GLOBAL_ACCENT_COLOR_NAME = AccentColor;
				CODE_SIGN_STYLE = Automatic;
				CURRENT_PROJECT_VERSION = 1;
				ENABLE_PREVIEWS = YES;
				GENERATE_INFOPLIST_FILE = YES;
				INFOPLIST_KEY_UIApplicationSceneManifest_Generation = YES;
				INFOPLIST_KEY_UIApplicationSupportsIndirectInputEvents = YES;
				INFOPLIST_KEY_UILaunchScreen_Generation = YES;
				INFOPLIST_KEY_UISupportedInterfaceOrientations_iPad = "UIInterfaceOrientationPortrait UIInterfaceOrientationPortraitUpsideDown UIInterfaceOrientationLandscapeLeft UIInterfaceOrientationLandscapeRight";
				INFOPLIST_KEY_UISupportedInterfaceOrientations_iPhone = "UIInterfaceOrientationPortrait UIInterfaceOrientationLandscapeLeft UIInterfaceOrientationLandscapeRight";
				LD_RUNPATH_SEARCH_PATHS = (
					"$(inherited)",
					"@executable_path/Frameworks",
				);
				MARKETING_VERSION = 1.0;
				PRODUCT_BUNDLE_IDENTIFIER = SH.MomentSail;
				PRODUCT_NAME = "$(TARGET_NAME)";
				SWIFT_EMIT_LOC_STRINGS = YES;
				SWIFT_VERSION = 5.0;
				TARGETED_DEVICE_FAMILY = "1,2";
			};
			name = Debug;
		};
		557591FE2E848E6D0086F5AF /* Release */ = {
			isa = XCBuildConfiguration;
			buildSettings = {
				ASSETCATALOG_COMPILER_APPICON_NAME = AppIcon;
				ASSETCATALOG_COMPILER_GLOBAL_ACCENT_COLOR_NAME = AccentColor;
				CODE_SIGN_STYLE = Automatic;
				CURRENT_PROJECT_VERSION = 1;
				ENABLE_PREVIEWS = YES;
				GENERATE_INFOPLIST_FILE = YES;
				INFOPLIST_KEY_UIApplicationSceneManifest_Generation = YES;
				INFOPLIST_KEY_UIApplicationSupportsIndirectInputEvents = YES;
				INFOPLIST_KEY_UILaunchScreen_Generation = YES;
				INFOPLIST_KEY_UISupportedInterfaceOrientations_iPad = "UIInterfaceOrientationPortrait UIInterfaceOrientationPortraitUpsideDown UIInterfaceOrientationLandscapeLeft UIInterfaceOrientationLandscapeRight";
				INFOPLIST_KEY_UISupportedInterfaceOrientations_iPhone = "UIInterfaceOrientationPortrait UIInterfaceOrientationLandscapeLeft UIInterfaceOrientationLandscapeRight";
				LD_RUNPATH_SEARCH_PATHS = (
					"$(inherited)",
					"@executable_path/Frameworks",
				);
				MARKETING_VERSION = 1.0;
				PRODUCT_BUNDLE_IDENTIFIER = SH.MomentSail;
				PRODUCT_NAME = "$(TARGET_NAME)";
				SWIFT_EMIT_LOC_STRINGS = YES;
				SWIFT_VERSION = 5.0;
				TARGETED_DEVICE_FAMILY = "1,2";
			};
			name = Release;
		};
		557592002E848E6D0086F5AF /* Debug */ = {
			isa = XCBuildConfiguration;
			buildSettings = {
				BUNDLE_LOADER = "$(TEST_HOST)";
				CODE_SIGN_STYLE = Automatic;
				CURRENT_PROJECT_VERSION = 1;
				GENERATE_INFOPLIST_FILE = YES;
				IPHONEOS_DEPLOYMENT_TARGET = 18.5;
				MARKETING_VERSION = 1.0;
				PRODUCT_BUNDLE_IDENTIFIER = SH.MomentSailTests;
				PRODUCT_NAME = "$(TARGET_NAME)";
				SWIFT_EMIT_LOC_STRINGS = NO;
				SWIFT_VERSION = 5.0;
				TARGETED_DEVICE_FAMILY = "1,2";
				TEST_HOST = "$(BUILT_PRODUCTS_DIR)/MomentSail.app/$(BUNDLE_EXECUTABLE_FOLDER_PATH)/MomentSail";
			};
			name = Debug;
		};
		557592012E848E6D0086F5AF /* Release */ = {
			isa = XCBuildConfiguration;
			buildSettings = {
				BUNDLE_LOADER = "$(TEST_HOST)";
				CODE_SIGN_STYLE = Automatic;
				CURRENT_PROJECT_VERSION = 1;
				GENERATE_INFOPLIST_FILE = YES;
				IPHONEOS_DEPLOYMENT_TARGET = 18.5;
				MARKETING_VERSION = 1.0;
				PRODUCT_BUNDLE_IDENTIFIER = SH.MomentSailTests;
				PRODUCT_NAME = "$(TARGET_NAME)";
				SWIFT_EMIT_LOC_STRINGS = NO;
				SWIFT_VERSION = 5.0;
				TARGETED_DEVICE_FAMILY = "1,2";
				TEST_HOST = "$(BUILT_PRODUCTS_DIR)/MomentSail.app/$(BUNDLE_EXECUTABLE_FOLDER_PATH)/MomentSail";
			};
			name = Release;
		};
		557592032E848E6D0086F5AF /* Debug */ = {
			isa = XCBuildConfiguration;
			buildSettings = {
				CODE_SIGN_STYLE = Automatic;
				CURRENT_PROJECT_VERSION = 1;
				GENERATE_INFOPLIST_FILE = YES;
				MARKETING_VERSION = 1.0;
				PRODUCT_BUNDLE_IDENTIFIER = SH.MomentSailUITests;
				PRODUCT_NAME = "$(TARGET_NAME)";
				SWIFT_EMIT_LOC_STRINGS = NO;
				SWIFT_VERSION = 5.0;
				TARGETED_DEVICE_FAMILY = "1,2";
				TEST_TARGET_NAME = MomentSail;
			};
			name = Debug;
		};
		557592042E848E6D0086F5AF /* Release */ = {
			isa = XCBuildConfiguration;
			buildSettings = {
				CODE_SIGN_STYLE = Automatic;
				CURRENT_PROJECT_VERSION = 1;
				GENERATE_INFOPLIST_FILE = YES;
				MARKETING_VERSION = 1.0;
				PRODUCT_BUNDLE_IDENTIFIER = SH.MomentSailUITests;
				PRODUCT_NAME = "$(TARGET_NAME)";
				SWIFT_EMIT_LOC_STRINGS = NO;
				SWIFT_VERSION = 5.0;
				TARGETED_DEVICE_FAMILY = "1,2";
				TEST_TARGET_NAME = MomentSail;
			};
			name = Release;
		};
/* End XCBuildConfiguration section */

/* Begin XCConfigurationList section */
		557591D42E848E6B0086F5AF /* Build configuration list for PBXProject "MomentSail" */ = {
			isa = XCConfigurationList;
			buildConfigurations = (
				557591FA2E848E6D0086F5AF /* Debug */,
				557591FB2E848E6D0086F5AF /* Release */,
			);
			defaultConfigurationIsVisible = 0;
			defaultConfigurationName = Release;
		};
		557591FC2E848E6D0086F5AF /* Build configuration list for PBXNativeTarget "MomentSail" */ = {
			isa = XCConfigurationList;
			buildConfigurations = (
				557591FD2E848E6D0086F5AF /* Debug */,
				557591FE2E848E6D0086F5AF /* Release */,
			);
			defaultConfigurationIsVisible = 0;
			defaultConfigurationName = Release;
		};
		557591FF2E848E6D0086F5AF /* Build configuration list for PBXNativeTarget "MomentSailTests" */ = {
			isa = XCConfigurationList;
			buildConfigurations = (
				557592002E848E6D0086F5AF /* Debug */,
				557592012E848E6D0086F5AF /* Release */,
			);
			defaultConfigurationIsVisible = 0;
			defaultConfigurationName = Release;
		};
		557592022E848E6D0086F5AF /* Build configuration list for PBXNativeTarget "MomentSailUITests" */ = {
			isa = XCConfigurationList;
			buildConfigurations = (
				557592032E848E6D0086F5AF /* Debug */,
				557592042E848E6D0086F5AF /* Release */,
			);
			defaultConfigurationIsVisible = 0;
			defaultConfigurationName = Release;
		};
/* End XCConfigurationList section */
	};
	rootObject = 557591D12E848E6B0086F5AF /* Project object */;
}
